
Microsoft Visual Studio Solution File, Format Version 12.00
# Visual Studio Version 16
VisualStudioVersion = 16.0.31424.327
MinimumVisualStudioVersion = 10.0.40219.1
Project("{2150E333-8FDC-42A3-9474-1A3956D46DE8}") = "src", "src", "{E8B520AD-A0C6-45D7-AF9E-E6BC2FE8306D}"
EndProject
Project("{FAE04EC0-301F-11D3-BF4B-00C04F79EFBC}") = "Application", "Application\Application.csproj", "{1831884A-7DAB-4DDC-9910-E689A8FCB09D}"
EndProject
Project("{FAE04EC0-301F-11D3-BF4B-00C04F79EFBC}") = "Domain", "Domain\Domain.csproj", "{5F841B0F-D34F-4C2F-B87F-309341F2CD9E}"
EndProject
Project("{FAE04EC0-301F-11D3-BF4B-00C04F79EFBC}") = "Infrastructure", "Infrastructure\Infrastructure.csproj", "{6F6273BF-A143-4C32-B71C-A3BC3327268D}"
EndProject
Project("{FAE04EC0-301F-11D3-BF4B-00C04F79EFBC}") = "WebAPI", "WebAPI\WebAPI.csproj", "{AA3DEBE1-9079-4A5C-B3DD-4CE8FE8E2DC8}"
EndProject
Global
	GlobalSection(SolutionConfigurationPlatforms) = preSolution
		Debug|Any CPU = Debug|Any CPU
		Release|Any CPU = Release|Any CPU
	EndGlobalSection
	GlobalSection(ProjectConfigurationPlatforms) = postSolution
		{1831884A-7DAB-4DDC-9910-E689A8FCB09D}.Debug|Any CPU.ActiveCfg = Debug|Any CPU
		{1831884A-7DAB-4DDC-9910-E689A8FCB09D}.Debug|Any CPU.Build.0 = Debug|Any CPU
		{1831884A-7DAB-4DDC-9910-E689A8FCB09D}.Release|Any CPU.ActiveCfg = Release|Any CPU
		{1831884A-7DAB-4DDC-9910-E689A8FCB09D}.Release|Any CPU.Build.0 = Release|Any CPU
		{5F841B0F-D34F-4C2F-B87F-309341F2CD9E}.Debug|Any CPU.ActiveCfg = Debug|Any CPU
		{5F841B0F-D34F-4C2F-B87F-309341F2CD9E}.Debug|Any CPU.Build.0 = Debug|Any CPU
		{5F841B0F-D34F-4C2F-B87F-309341F2CD9E}.Release|Any CPU.ActiveCfg = Release|Any CPU
		{5F841B0F-D34F-4C2F-B87F-309341F2CD9E}.Release|Any CPU.Build.0 = Release|Any CPU
		{6F6273BF-A143-4C32-B71C-A3BC3327268D}.Debug|Any CPU.ActiveCfg = Debug|Any CPU
		{6F6273BF-A143-4C32-B71C-A3BC3327268D}.Debug|Any CPU.Build.0 = Debug|Any CPU
		{6F6273BF-A143-4C32-B71C-A3BC3327268D}.Release|Any CPU.ActiveCfg = Release|Any CPU
		{6F6273BF-A143-4C32-B71C-A3BC3327268D}.Release|Any CPU.Build.0 = Release|Any CPU
		{AA3DEBE1-9079-4A5C-B3DD-4CE8FE8E2DC8}.Debug|Any CPU.ActiveCfg = Debug|Any CPU
		{AA3DEBE1-9079-4A5C-B3DD-4CE8FE8E2DC8}.Debug|Any CPU.Build.0 = Debug|Any CPU
		{AA3DEBE1-9079-4A5C-B3DD-4CE8FE8E2DC8}.Release|Any CPU.ActiveCfg = Release|Any CPU
		{AA3DEBE1-9079-4A5C-B3DD-4CE8FE8E2DC8}.Release|Any CPU.Build.0 = Release|Any CPU
	EndGlobalSection
	GlobalSection(SolutionProperties) = preSolution
		HideSolutionNode = FALSE
	EndGlobalSection
	GlobalSection(NestedProjects) = preSolution
		{1831884A-7DAB-4DDC-9910-E689A8FCB09D} = {E8B520AD-A0C6-45D7-AF9E-E6BC2FE8306D}
		{5F841B0F-D34F-4C2F-B87F-309341F2CD9E} = {E8B520AD-A0C6-45D7-AF9E-E6BC2FE8306D}
		{6F6273BF-A143-4C32-B71C-A3BC3327268D} = {E8B520AD-A0C6-45D7-AF9E-E6BC2FE8306D}
		{AA3DEBE1-9079-4A5C-B3DD-4CE8FE8E2DC8} = {E8B520AD-A0C6-45D7-AF9E-E6BC2FE8306D}
	EndGlobalSection
	GlobalSection(ExtensibilityGlobals) = postSolution
		SolutionGuid = {37265754-68E0-49FD-9DAF-71635BB49ABB}
	EndGlobalSection
EndGlobal
